
Microsoft Visual Studio Solution File, Format Version 12.00
# Visual Studio Version 17
VisualStudioVersion = 17.7.34009.444
MinimumVisualStudioVersion = 10.0.40219.1
Project("{FAE04EC0-301F-11D3-BF4B-00C04F79EFBC}") = "Exemplo", "Exemplo.csproj", "{06FAB447-7DBB-4C5B-813C-74BABD0A5318}"
EndProject
Global
	GlobalSection(SolutionConfigurationPlatforms) = preSolution
		Debug|Any CPU = Debug|Any CPU
		Release|Any CPU = Release|Any CPU
	EndGlobalSection
	GlobalSection(ProjectConfigurationPlatforms) = postSolution
		{06FAB447-7DBB-4C5B-813C-74BABD0A5318}.Debug|Any CPU.ActiveCfg = Debug|Any CPU
		{06FAB447-7DBB-4C5B-813C-74BABD0A5318}.Debug|Any CPU.Build.0 = Debug|Any CPU
		{06FAB447-7DBB-4C5B-813C-74BABD0A5318}.Release|Any CPU.ActiveCfg = Release|Any CPU
		{06FAB447-7DBB-4C5B-813C-74BABD0A5318}.Release|Any CPU.Build.0 = Release|Any CPU
	EndGlobalSection
	GlobalSection(SolutionProperties) = preSolution
		HideSolutionNode = FALSE
	EndGlobalSection
	GlobalSection(ExtensibilityGlobals) = postSolution
		SolutionGuid = {96A458E1-61B9-4942-8E64-E8FE574FB69C}
	EndGlobalSection
EndGlobal
