
Microsoft Visual Studio Solution File, Format Version 12.00
# Visual Studio Version 17
VisualStudioVersion = 17.7.34009.444
MinimumVisualStudioVersion = 10.0.40219.1
Project("{FAE04EC0-301F-11D3-BF4B-00C04F79EFBC}") = "Projeto_Jogo", "Projeto_Jogo.csproj", "{460B8E4A-7C1C-48F4-AAC2-2C4C4ADAADA4}"
EndProject
Global
	GlobalSection(SolutionConfigurationPlatforms) = preSolution
		Debug|Any CPU = Debug|Any CPU
		Release|Any CPU = Release|Any CPU
	EndGlobalSection
	GlobalSection(ProjectConfigurationPlatforms) = postSolution
		{460B8E4A-7C1C-48F4-AAC2-2C4C4ADAADA4}.Debug|Any CPU.ActiveCfg = Debug|Any CPU
		{460B8E4A-7C1C-48F4-AAC2-2C4C4ADAADA4}.Debug|Any CPU.Build.0 = Debug|Any CPU
		{460B8E4A-7C1C-48F4-AAC2-2C4C4ADAADA4}.Release|Any CPU.ActiveCfg = Release|Any CPU
		{460B8E4A-7C1C-48F4-AAC2-2C4C4ADAADA4}.Release|Any CPU.Build.0 = Release|Any CPU
	EndGlobalSection
	GlobalSection(SolutionProperties) = preSolution
		HideSolutionNode = FALSE
	EndGlobalSection
	GlobalSection(ExtensibilityGlobals) = postSolution
		SolutionGuid = {E2F5DDEA-4306-4B49-A790-E22C59A25132}
	EndGlobalSection
EndGlobal
