
Microsoft Visual Studio Solution File, Format Version 12.00
# Visual Studio Version 17
VisualStudioVersion = 17.7.34009.444
MinimumVisualStudioVersion = 10.0.40219.1
Project("{FAE04EC0-301F-11D3-BF4B-00C04F79EFBC}") = "Cronometro", "Cronometro.csproj", "{F227E4BA-7385-4DCF-9814-D6F41B602E39}"
EndProject
Global
	GlobalSection(SolutionConfigurationPlatforms) = preSolution
		Debug|Any CPU = Debug|Any CPU
		Release|Any CPU = Release|Any CPU
	EndGlobalSection
	GlobalSection(ProjectConfigurationPlatforms) = postSolution
		{F227E4BA-7385-4DCF-9814-D6F41B602E39}.Debug|Any CPU.ActiveCfg = Debug|Any CPU
		{F227E4BA-7385-4DCF-9814-D6F41B602E39}.Debug|Any CPU.Build.0 = Debug|Any CPU
		{F227E4BA-7385-4DCF-9814-D6F41B602E39}.Release|Any CPU.ActiveCfg = Release|Any CPU
		{F227E4BA-7385-4DCF-9814-D6F41B602E39}.Release|Any CPU.Build.0 = Release|Any CPU
	EndGlobalSection
	GlobalSection(SolutionProperties) = preSolution
		HideSolutionNode = FALSE
	EndGlobalSection
	GlobalSection(ExtensibilityGlobals) = postSolution
		SolutionGuid = {86A9A27A-567D-4B68-9B18-8365ED5E18D6}
	EndGlobalSection
EndGlobal
